
Microsoft Visual Studio Solution File, Format Version 12.00
# Visual Studio Version 17
VisualStudioVersion = 17.9.34616.47
MinimumVisualStudioVersion = 10.0.40219.1
Project("{8BC9CEB8-8B4A-11D0-8D11-00A0C91BC942}") = "Sandbox", "Sandbox\Sandbox.vcxproj", "{5FCDDBBF-6314-426B-BCD5-F7A6BAE6D0DA}"
EndProject
Project("{8BC9CEB8-8B4A-11D0-8D11-00A0C91BC942}") = "Dark", "Dark\Dark.vcxproj", "{20B58B29-C59B-4B6B-B262-AD29145B0BEE}"
EndProject
Global
	GlobalSection(SolutionConfigurationPlatforms) = preSolution
		Debug|x64 = Debug|x64
		Release|x64 = Release|x64
	EndGlobalSection
	GlobalSection(ProjectConfigurationPlatforms) = postSolution
		{20B58B29-C59B-4B6B-B262-AD29145B0BEE}.Debug|x64.ActiveCfg = Debug|x64
		{20B58B29-C59B-4B6B-B262-AD29145B0BEE}.Debug|x64.Build.0 = Debug|x64
		{20B58B29-C59B-4B6B-B262-AD29145B0BEE}.Release|x64.ActiveCfg = Release|x64
		{20B58B29-C59B-4B6B-B262-AD29145B0BEE}.Release|x64.Build.0 = Release|x64
		{5FCDDBBF-6314-426B-BCD5-F7A6BAE6D0DA}.Debug|x64.ActiveCfg = Debug|x64
		{5FCDDBBF-6314-426B-BCD5-F7A6BAE6D0DA}.Debug|x64.Build.0 = Debug|x64
		{5FCDDBBF-6314-426B-BCD5-F7A6BAE6D0DA}.Release|x64.ActiveCfg = Release|x64
		{5FCDDBBF-6314-426B-BCD5-F7A6BAE6D0DA}.Release|x64.Build.0 = Release|x64
	EndGlobalSection
	GlobalSection(SolutionProperties) = preSolution
		HideSolutionNode = FALSE
	EndGlobalSection
	GlobalSection(ExtensibilityGlobals) = postSolution
		SolutionGuid = {0298D412-D0EE-4E56-9045-B6769C121C1C}
	EndGlobalSection
EndGlobal
